
Microsoft Visual Studio Solution File, Format Version 12.00
# Visual Studio 15
VisualStudioVersion = 15.0.26730.12
MinimumVisualStudioVersion = 10.0.40219.1
Project("{FAE04EC0-301F-11D3-BF4B-00C04F79EFBC}") = "UI_Mercado2B", "Mercado2B\UI_Mercado2B.csproj", "{914E85C0-3A68-4745-BDC3-3227456880A1}"
EndProject
Project("{FAE04EC0-301F-11D3-BF4B-00C04F79EFBC}") = "BLL_Mercado2B", "BLL_Mercado2B\BLL_Mercado2B.csproj", "{D3947D92-F8B9-4C94-9742-CF82261F0822}"
EndProject
Global
	GlobalSection(SolutionConfigurationPlatforms) = preSolution
		Debug|Any CPU = Debug|Any CPU
		Release|Any CPU = Release|Any CPU
	EndGlobalSection
	GlobalSection(ProjectConfigurationPlatforms) = postSolution
		{914E85C0-3A68-4745-BDC3-3227456880A1}.Debug|Any CPU.ActiveCfg = Debug|Any CPU
		{914E85C0-3A68-4745-BDC3-3227456880A1}.Debug|Any CPU.Build.0 = Debug|Any CPU
		{914E85C0-3A68-4745-BDC3-3227456880A1}.Release|Any CPU.ActiveCfg = Release|Any CPU
		{914E85C0-3A68-4745-BDC3-3227456880A1}.Release|Any CPU.Build.0 = Release|Any CPU
		{D3947D92-F8B9-4C94-9742-CF82261F0822}.Debug|Any CPU.ActiveCfg = Debug|Any CPU
		{D3947D92-F8B9-4C94-9742-CF82261F0822}.Debug|Any CPU.Build.0 = Debug|Any CPU
		{D3947D92-F8B9-4C94-9742-CF82261F0822}.Release|Any CPU.ActiveCfg = Release|Any CPU
		{D3947D92-F8B9-4C94-9742-CF82261F0822}.Release|Any CPU.Build.0 = Release|Any CPU
	EndGlobalSection
	GlobalSection(SolutionProperties) = preSolution
		HideSolutionNode = FALSE
	EndGlobalSection
	GlobalSection(ExtensibilityGlobals) = postSolution
		SolutionGuid = {BC9CC71D-5647-405C-BD97-9CEED808B33C}
	EndGlobalSection
EndGlobal
